// !$*UTF8*$!
{
	archiveVersion = 1;
	classes = {
	};
	objectVersion = 56;
	objects = {

/* Begin PBXBuildFile section */
		918C7E732A460437002CEAC8 /* Singer+CoreDataClass.swift in Sources */ = {isa = PBXBuildFile; fileRef = 918C7E712A460437002CEAC8 /* Singer+CoreDataClass.swift */; };
		918C7E742A460437002CEAC8 /* Singer+CoreDataProperties.swift in Sources */ = {isa = PBXBuildFile; fileRef = 918C7E722A460437002CEAC8 /* Singer+CoreDataProperties.swift */; };
		918C7E762A46054E002CEAC8 /* FilteredList.swift in Sources */ = {isa = PBXBuildFile; fileRef = 918C7E752A46054E002CEAC8 /* FilteredList.swift */; };
		918C7E7B2A461B77002CEAC8 /* Country+CoreDataClass.swift in Sources */ = {isa = PBXBuildFile; fileRef = 918C7E772A461B77002CEAC8 /* Country+CoreDataClass.swift */; };
		918C7E7C2A461B77002CEAC8 /* Country+CoreDataProperties.swift in Sources */ = {isa = PBXBuildFile; fileRef = 918C7E782A461B77002CEAC8 /* Country+CoreDataProperties.swift */; };
		918C7E7D2A461B77002CEAC8 /* Candy+CoreDataClass.swift in Sources */ = {isa = PBXBuildFile; fileRef = 918C7E792A461B77002CEAC8 /* Candy+CoreDataClass.swift */; };
		918C7E7E2A461B77002CEAC8 /* Candy+CoreDataProperties.swift in Sources */ = {isa = PBXBuildFile; fileRef = 918C7E7A2A461B77002CEAC8 /* Candy+CoreDataProperties.swift */; };
		91E1A7B22A44F70C0005D669 /* CoreDataProjectApp.swift in Sources */ = {isa = PBXBuildFile; fileRef = 91E1A7B12A44F70C0005D669 /* CoreDataProjectApp.swift */; };
		91E1A7B42A44F70C0005D669 /* ContentView.swift in Sources */ = {isa = PBXBuildFile; fileRef = 91E1A7B32A44F70C0005D669 /* ContentView.swift */; };
		91E1A7B62A44F70D0005D669 /* Assets.xcassets in Resources */ = {isa = PBXBuildFile; fileRef = 91E1A7B52A44F70D0005D669 /* Assets.xcassets */; };
		91E1A7B92A44F70D0005D669 /* Preview Assets.xcassets in Resources */ = {isa = PBXBuildFile; fileRef = 91E1A7B82A44F70D0005D669 /* Preview Assets.xcassets */; };
		91E1A7C12A44F7980005D669 /* CoreDataProject.xcdatamodeld in Sources */ = {isa = PBXBuildFile; fileRef = 91E1A7BF2A44F7980005D669 /* CoreDataProject.xcdatamodeld */; };
		91E1A7C32A44F7AF0005D669 /* DataController.swift in Sources */ = {isa = PBXBuildFile; fileRef = 91E1A7C22A44F7AF0005D669 /* DataController.swift */; };
/* End PBXBuildFile section */

/* Begin PBXFileReference section */
		918C7E712A460437002CEAC8 /* Singer+CoreDataClass.swift */ = {isa = PBXFileReference; lastKnownFileType = sourcecode.swift; path = "Singer+CoreDataClass.swift"; sourceTree = SOURCE_ROOT; };
		918C7E722A460437002CEAC8 /* Singer+CoreDataProperties.swift */ = {isa = PBXFileReference; lastKnownFileType = sourcecode.swift; path = "Singer+CoreDataProperties.swift"; sourceTree = SOURCE_ROOT; };
		918C7E752A46054E002CEAC8 /* FilteredList.swift */ = {isa = PBXFileReference; lastKnownFileType = sourcecode.swift; path = FilteredList.swift; sourceTree = "<group>"; };
		918C7E772A461B77002CEAC8 /* Country+CoreDataClass.swift */ = {isa = PBXFileReference; lastKnownFileType = sourcecode.swift; path = "Country+CoreDataClass.swift"; sourceTree = SOURCE_ROOT; };
		918C7E782A461B77002CEAC8 /* Country+CoreDataProperties.swift */ = {isa = PBXFileReference; lastKnownFileType = sourcecode.swift; path = "Country+CoreDataProperties.swift"; sourceTree = SOURCE_ROOT; };
		918C7E792A461B77002CEAC8 /* Candy+CoreDataClass.swift */ = {isa = PBXFileReference; lastKnownFileType = sourcecode.swift; path = "Candy+CoreDataClass.swift"; sourceTree = SOURCE_ROOT; };
		918C7E7A2A461B77002CEAC8 /* Candy+CoreDataProperties.swift */ = {isa = PBXFileReference; lastKnownFileType = sourcecode.swift; path = "Candy+CoreDataProperties.swift"; sourceTree = SOURCE_ROOT; };
		91E1A7AE2A44F70C0005D669 /* CoreDataProject.app */ = {isa = PBXFileReference; explicitFileType = wrapper.application; includeInIndex = 0; path = CoreDataProject.app; sourceTree = BUILT_PRODUCTS_DIR; };
		91E1A7B12A44F70C0005D669 /* CoreDataProjectApp.swift */ = {isa = PBXFileReference; lastKnownFileType = sourcecode.swift; path = CoreDataProjectApp.swift; sourceTree = "<group>"; };
		91E1A7B32A44F70C0005D669 /* ContentView.swift */ = {isa = PBXFileReference; lastKnownFileType = sourcecode.swift; path = ContentView.swift; sourceTree = "<group>"; };
		91E1A7B52A44F70D0005D669 /* Assets.xcassets */ = {isa = PBXFileReference; lastKnownFileType = folder.assetcatalog; path = Assets.xcassets; sourceTree = "<group>"; };
		91E1A7B82A44F70D0005D669 /* Preview Assets.xcassets */ = {isa = PBXFileReference; lastKnownFileType = folder.assetcatalog; path = "Preview Assets.xcassets"; sourceTree = "<group>"; };
		91E1A7C02A44F7980005D669 /* CoreDataProject.xcdatamodel */ = {isa = PBXFileReference; lastKnownFileType = wrapper.xcdatamodel; path = CoreDataProject.xcdatamodel; sourceTree = "<group>"; };
		91E1A7C22A44F7AF0005D669 /* DataController.swift */ = {isa = PBXFileReference; lastKnownFileType = sourcecode.swift; path = DataController.swift; sourceTree = "<group>"; };
/* End PBXFileReference section */

/* Begin PBXFrameworksBuildPhase section */
		91E1A7AB2A44F70C0005D669 /* Frameworks */ = {
			isa = PBXFrameworksBuildPhase;
			buildActionMask = 2147483647;
			files = (
			);
			runOnlyForDeploymentPostprocessing = 0;
		};
/* End PBXFrameworksBuildPhase section */

/* Begin PBXGroup section */
		91E1A7A52A44F70C0005D669 = {
			isa = PBXGroup;
			children = (
				91E1A7B02A44F70C0005D669 /* CoreDataProject */,
				91E1A7AF2A44F70C0005D669 /* Products */,
			);
			sourceTree = "<group>";
		};
		91E1A7AF2A44F70C0005D669 /* Products */ = {
			isa = PBXGroup;
			children = (
				91E1A7AE2A44F70C0005D669 /* CoreDataProject.app */,
			);
			name = Products;
			sourceTree = "<group>";
		};
		91E1A7B02A44F70C0005D669 /* CoreDataProject */ = {
			isa = PBXGroup;
			children = (
				918C7E772A461B77002CEAC8 /* Country+CoreDataClass.swift */,
				918C7E782A461B77002CEAC8 /* Country+CoreDataProperties.swift */,
				918C7E792A461B77002CEAC8 /* Candy+CoreDataClass.swift */,
				918C7E7A2A461B77002CEAC8 /* Candy+CoreDataProperties.swift */,
				918C7E712A460437002CEAC8 /* Singer+CoreDataClass.swift */,
				918C7E722A460437002CEAC8 /* Singer+CoreDataProperties.swift */,
				91E1A7B12A44F70C0005D669 /* CoreDataProjectApp.swift */,
				91E1A7B32A44F70C0005D669 /* ContentView.swift */,
				918C7E752A46054E002CEAC8 /* FilteredList.swift */,
				91E1A7BF2A44F7980005D669 /* CoreDataProject.xcdatamodeld */,
				91E1A7C22A44F7AF0005D669 /* DataController.swift */,
				91E1A7B52A44F70D0005D669 /* Assets.xcassets */,
				91E1A7B72A44F70D0005D669 /* Preview Content */,
			);
			path = CoreDataProject;
			sourceTree = "<group>";
		};
		91E1A7B72A44F70D0005D669 /* Preview Content */ = {
			isa = PBXGroup;
			children = (
				91E1A7B82A44F70D0005D669 /* Preview Assets.xcassets */,
			);
			path = "Preview Content";
			sourceTree = "<group>";
		};
/* End PBXGroup section */

/* Begin PBXNativeTarget section */
		91E1A7AD2A44F70C0005D669 /* CoreDataProject */ = {
			isa = PBXNativeTarget;
			buildConfigurationList = 91E1A7BC2A44F70D0005D669 /* Build configuration list for PBXNativeTarget "CoreDataProject" */;
			buildPhases = (
				91E1A7AA2A44F70C0005D669 /* Sources */,
				91E1A7AB2A44F70C0005D669 /* Frameworks */,
				91E1A7AC2A44F70C0005D669 /* Resources */,
			);
			buildRules = (
			);
			dependencies = (
			);
			name = CoreDataProject;
			productName = CoreDataProject;
			productReference = 91E1A7AE2A44F70C0005D669 /* CoreDataProject.app */;
			productType = "com.apple.product-type.application";
		};
/* End PBXNativeTarget section */

/* Begin PBXProject section */
		91E1A7A62A44F70C0005D669 /* Project object */ = {
			isa = PBXProject;
			attributes = {
				BuildIndependentTargetsInParallel = 1;
				LastSwiftUpdateCheck = 1430;
				LastUpgradeCheck = 1430;
				TargetAttributes = {
					91E1A7AD2A44F70C0005D669 = {
						CreatedOnToolsVersion = 14.3.1;
					};
				};
			};
			buildConfigurationList = 91E1A7A92A44F70C0005D669 /* Build configuration list for PBXProject "CoreDataProject" */;
			compatibilityVersion = "Xcode 14.0";
			developmentRegion = en;
			hasScannedForEncodings = 0;
			knownRegions = (
				en,
				Base,
			);
			mainGroup = 91E1A7A52A44F70C0005D669;
			productRefGroup = 91E1A7AF2A44F70C0005D669 /* Products */;
			projectDirPath = "";
			projectRoot = "";
			targets = (
				91E1A7AD2A44F70C0005D669 /* CoreDataProject */,
			);
		};
/* End PBXProject section */

/* Begin PBXResourcesBuildPhase section */
		91E1A7AC2A44F70C0005D669 /* Resources */ = {
			isa = PBXResourcesBuildPhase;
			buildActionMask = 2147483647;
			files = (
				91E1A7B92A44F70D0005D669 /* Preview Assets.xcassets in Resources */,
				91E1A7B62A44F70D0005D669 /* Assets.xcassets in Resources */,
			);
			runOnlyForDeploymentPostprocessing = 0;
		};
/* End PBXResourcesBuildPhase section */

/* Begin PBXSourcesBuildPhase section */
		91E1A7AA2A44F70C0005D669 /* Sources */ = {
			isa = PBXSourcesBuildPhase;
			buildActionMask = 2147483647;
			files = (
				91E1A7B42A44F70C0005D669 /* ContentView.swift in Sources */,
				918C7E7D2A461B77002CEAC8 /* Candy+CoreDataClass.swift in Sources */,
				918C7E7E2A461B77002CEAC8 /* Candy+CoreDataProperties.swift in Sources */,
				918C7E742A460437002CEAC8 /* Singer+CoreDataProperties.swift in Sources */,
				91E1A7C32A44F7AF0005D669 /* DataController.swift in Sources */,
				918C7E732A460437002CEAC8 /* Singer+CoreDataClass.swift in Sources */,
				91E1A7B22A44F70C0005D669 /* CoreDataProjectApp.swift in Sources */,
				91E1A7C12A44F7980005D669 /* CoreDataProject.xcdatamodeld in Sources */,
				918C7E7B2A461B77002CEAC8 /* Country+CoreDataClass.swift in Sources */,
				918C7E762A46054E002CEAC8 /* FilteredList.swift in Sources */,
				918C7E7C2A461B77002CEAC8 /* Country+CoreDataProperties.swift in Sources */,
			);
			runOnlyForDeploymentPostprocessing = 0;
		};
/* End PBXSourcesBuildPhase section */

/* Begin XCBuildConfiguration section */
		91E1A7BA2A44F70D0005D669 /* Debug */ = {
			isa = XCBuildConfiguration;
			buildSettings = {
				ALWAYS_SEARCH_USER_PATHS = NO;
				CLANG_ANALYZER_NONNULL = YES;
				CLANG_ANALYZER_NUMBER_OBJECT_CONVERSION = YES_AGGRESSIVE;
				CLANG_CXX_LANGUAGE_STANDARD = "gnu++20";
				CLANG_ENABLE_MODULES = YES;
				CLANG_ENABLE_OBJC_ARC = YES;
				CLANG_ENABLE_OBJC_WEAK = YES;
				CLANG_WARN_BLOCK_CAPTURE_AUTORELEASING = YES;
				CLANG_WARN_BOOL_CONVERSION = YES;
				CLANG_WARN_COMMA = YES;
				CLANG_WARN_CONSTANT_CONVERSION = YES;
				CLANG_WARN_DEPRECATED_OBJC_IMPLEMENTATIONS = YES;
				CLANG_WARN_DIRECT_OBJC_ISA_USAGE = YES_ERROR;
				CLANG_WARN_DOCUMENTATION_COMMENTS = YES;
				CLANG_WARN_EMPTY_BODY = YES;
				CLANG_WARN_ENUM_CONVERSION = YES;
				CLANG_WARN_INFINITE_RECURSION = YES;
				CLANG_WARN_INT_CONVERSION = YES;
				CLANG_WARN_NON_LITERAL_NULL_CONVERSION = YES;
				CLANG_WARN_OBJC_IMPLICIT_RETAIN_SELF = YES;
				CLANG_WARN_OBJC_LITERAL_CONVERSION = YES;
				CLANG_WARN_OBJC_ROOT_CLASS = YES_ERROR;
				CLANG_WARN_QUOTED_INCLUDE_IN_FRAMEWORK_HEADER = YES;
				CLANG_WARN_RANGE_LOOP_ANALYSIS = YES;
				CLANG_WARN_STRICT_PROTOTYPES = YES;
				CLANG_WARN_SUSPICIOUS_MOVE = YES;
				CLANG_WARN_UNGUARDED_AVAILABILITY = YES_AGGRESSIVE;
				CLANG_WARN_UNREACHABLE_CODE = YES;
				CLANG_WARN__DUPLICATE_METHOD_MATCH = YES;
				COPY_PHASE_STRIP = NO;
				DEBUG_INFORMATION_FORMAT = dwarf;
				ENABLE_STRICT_OBJC_MSGSEND = YES;
				ENABLE_TESTABILITY = YES;
				GCC_C_LANGUAGE_STANDARD = gnu11;
				GCC_DYNAMIC_NO_PIC = NO;
				GCC_NO_COMMON_BLOCKS = YES;
				GCC_OPTIMIZATION_LEVEL = 0;
				GCC_PREPROCESSOR_DEFINITIONS = (
					"DEBUG=1",
					"$(inherited)",
				);
				GCC_WARN_64_TO_32_BIT_CONVERSION = YES;
				GCC_WARN_ABOUT_RETURN_TYPE = YES_ERROR;
				GCC_WARN_UNDECLARED_SELECTOR = YES;
				GCC_WARN_UNINITIALIZED_AUTOS = YES_AGGRESSIVE;
				GCC_WARN_UNUSED_FUNCTION = YES;
				GCC_WARN_UNUSED_VARIABLE = YES;
				IPHONEOS_DEPLOYMENT_TARGET = 16.4;
				MTL_ENABLE_DEBUG_INFO = INCLUDE_SOURCE;
				MTL_FAST_MATH = YES;
				ONLY_ACTIVE_ARCH = YES;
				SDKROOT = iphoneos;
				SWIFT_ACTIVE_COMPILATION_CONDITIONS = DEBUG;
				SWIFT_OPTIMIZATION_LEVEL = "-Onone";
			};
			name = Debug;
		};
		91E1A7BB2A44F70D0005D669 /* Release */ = {
			isa = XCBuildConfiguration;
			buildSettings = {
				ALWAYS_SEARCH_USER_PATHS = NO;
				CLANG_ANALYZER_NONNULL = YES;
				CLANG_ANALYZER_NUMBER_OBJECT_CONVERSION = YES_AGGRESSIVE;
				CLANG_CXX_LANGUAGE_STANDARD = "gnu++20";
				CLANG_ENABLE_MODULES = YES;
				CLANG_ENABLE_OBJC_ARC = YES;
				CLANG_ENABLE_OBJC_WEAK = YES;
				CLANG_WARN_BLOCK_CAPTURE_AUTORELEASING = YES;
				CLANG_WARN_BOOL_CONVERSION = YES;
				CLANG_WARN_COMMA = YES;
				CLANG_WARN_CONSTANT_CONVERSION = YES;
				CLANG_WARN_DEPRECATED_OBJC_IMPLEMENTATIONS = YES;
				CLANG_WARN_DIRECT_OBJC_ISA_USAGE = YES_ERROR;
				CLANG_WARN_DOCUMENTATION_COMMENTS = YES;
				CLANG_WARN_EMPTY_BODY = YES;
				CLANG_WARN_ENUM_CONVERSION = YES;
				CLANG_WARN_INFINITE_RECURSION = YES;
				CLANG_WARN_INT_CONVERSION = YES;
				CLANG_WARN_NON_LITERAL_NULL_CONVERSION = YES;
				CLANG_WARN_OBJC_IMPLICIT_RETAIN_SELF = YES;
				CLANG_WARN_OBJC_LITERAL_CONVERSION = YES;
				CLANG_WARN_OBJC_ROOT_CLASS = YES_ERROR;
				CLANG_WARN_QUOTED_INCLUDE_IN_FRAMEWORK_HEADER = YES;
				CLANG_WARN_RANGE_LOOP_ANALYSIS = YES;
				CLANG_WARN_STRICT_PROTOTYPES = YES;
				CLANG_WARN_SUSPICIOUS_MOVE = YES;
				CLANG_WARN_UNGUARDED_AVAILABILITY = YES_AGGRESSIVE;
				CLANG_WARN_UNREACHABLE_CODE = YES;
				CLANG_WARN__DUPLICATE_METHOD_MATCH = YES;
				COPY_PHASE_STRIP = NO;
				DEBUG_INFORMATION_FORMAT = "dwarf-with-dsym";
				ENABLE_NS_ASSERTIONS = NO;
				ENABLE_STRICT_OBJC_MSGSEND = YES;
				GCC_C_LANGUAGE_STANDARD = gnu11;
				GCC_NO_COMMON_BLOCKS = YES;
				GCC_WARN_64_TO_32_BIT_CONVERSION = YES;
				GCC_WARN_ABOUT_RETURN_TYPE = YES_ERROR;
				GCC_WARN_UNDECLARED_SELECTOR = YES;
				GCC_WARN_UNINITIALIZED_AUTOS = YES_AGGRESSIVE;
				GCC_WARN_UNUSED_FUNCTION = YES;
				GCC_WARN_UNUSED_VARIABLE = YES;
				IPHONEOS_DEPLOYMENT_TARGET = 16.4;
				MTL_ENABLE_DEBUG_INFO = NO;
				MTL_FAST_MATH = YES;
				SDKROOT = iphoneos;
				SWIFT_COMPILATION_MODE = wholemodule;
				SWIFT_OPTIMIZATION_LEVEL = "-O";
				VALIDATE_PRODUCT = YES;
			};
			name = Release;
		};
		91E1A7BD2A44F70D0005D669 /* Debug */ = {
			isa = XCBuildConfiguration;
			buildSettings = {
				ASSETCATALOG_COMPILER_APPICON_NAME = AppIcon;
				ASSETCATALOG_COMPILER_GLOBAL_ACCENT_COLOR_NAME = AccentColor;
				CODE_SIGN_STYLE = Automatic;
				CURRENT_PROJECT_VERSION = 1;
				DEVELOPMENT_ASSET_PATHS = "\"CoreDataProject/Preview Content\"";
				ENABLE_PREVIEWS = YES;
				GENERATE_INFOPLIST_FILE = YES;
				INFOPLIST_KEY_UIApplicationSceneManifest_Generation = YES;
				INFOPLIST_KEY_UIApplicationSupportsIndirectInputEvents = YES;
				INFOPLIST_KEY_UILaunchScreen_Generation = YES;
				INFOPLIST_KEY_UISupportedInterfaceOrientations_iPad = "UIInterfaceOrientationPortrait UIInterfaceOrientationPortraitUpsideDown UIInterfaceOrientationLandscapeLeft UIInterfaceOrientationLandscapeRight";
				INFOPLIST_KEY_UISupportedInterfaceOrientations_iPhone = "UIInterfaceOrientationPortrait UIInterfaceOrientationLandscapeLeft UIInterfaceOrientationLandscapeRight";
				LD_RUNPATH_SEARCH_PATHS = (
					"$(inherited)",
					"@executable_path/Frameworks",
				);
				MARKETING_VERSION = 1.0;
				PRODUCT_BUNDLE_IDENTIFIER = com.blueparrotsoftwarellc.CoreDataProject;
				PRODUCT_NAME = "$(TARGET_NAME)";
				SWIFT_EMIT_LOC_STRINGS = YES;
				SWIFT_VERSION = 5.0;
				TARGETED_DEVICE_FAMILY = "1,2";
			};
			name = Debug;
		};
		91E1A7BE2A44F70D0005D669 /* Release */ = {
			isa = XCBuildConfiguration;
			buildSettings = {
				ASSETCATALOG_COMPILER_APPICON_NAME = AppIcon;
				ASSETCATALOG_COMPILER_GLOBAL_ACCENT_COLOR_NAME = AccentColor;
				CODE_SIGN_STYLE = Automatic;
				CURRENT_PROJECT_VERSION = 1;
				DEVELOPMENT_ASSET_PATHS = "\"CoreDataProject/Preview Content\"";
				ENABLE_PREVIEWS = YES;
				GENERATE_INFOPLIST_FILE = YES;
				INFOPLIST_KEY_UIApplicationSceneManifest_Generation = YES;
				INFOPLIST_KEY_UIApplicationSupportsIndirectInputEvents = YES;
				INFOPLIST_KEY_UILaunchScreen_Generation = YES;
				INFOPLIST_KEY_UISupportedInterfaceOrientations_iPad = "UIInterfaceOrientationPortrait UIInterfaceOrientationPortraitUpsideDown UIInterfaceOrientationLandscapeLeft UIInterfaceOrientationLandscapeRight";
				INFOPLIST_KEY_UISupportedInterfaceOrientations_iPhone = "UIInterfaceOrientationPortrait UIInterfaceOrientationLandscapeLeft UIInterfaceOrientationLandscapeRight";
				LD_RUNPATH_SEARCH_PATHS = (
					"$(inherited)",
					"@executable_path/Frameworks",
				);
				MARKETING_VERSION = 1.0;
				PRODUCT_BUNDLE_IDENTIFIER = com.blueparrotsoftwarellc.CoreDataProject;
				PRODUCT_NAME = "$(TARGET_NAME)";
				SWIFT_EMIT_LOC_STRINGS = YES;
				SWIFT_VERSION = 5.0;
				TARGETED_DEVICE_FAMILY = "1,2";
			};
			name = Release;
		};
/* End XCBuildConfiguration section */

/* Begin XCConfigurationList section */
		91E1A7A92A44F70C0005D669 /* Build configuration list for PBXProject "CoreDataProject" */ = {
			isa = XCConfigurationList;
			buildConfigurations = (
				91E1A7BA2A44F70D0005D669 /* Debug */,
				91E1A7BB2A44F70D0005D669 /* Release */,
			);
			defaultConfigurationIsVisible = 0;
			defaultConfigurationName = Release;
		};
		91E1A7BC2A44F70D0005D669 /* Build configuration list for PBXNativeTarget "CoreDataProject" */ = {
			isa = XCConfigurationList;
			buildConfigurations = (
				91E1A7BD2A44F70D0005D669 /* Debug */,
				91E1A7BE2A44F70D0005D669 /* Release */,
			);
			defaultConfigurationIsVisible = 0;
			defaultConfigurationName = Release;
		};
/* End XCConfigurationList section */

/* Begin XCVersionGroup section */
		91E1A7BF2A44F7980005D669 /* CoreDataProject.xcdatamodeld */ = {
			isa = XCVersionGroup;
			children = (
				91E1A7C02A44F7980005D669 /* CoreDataProject.xcdatamodel */,
			);
			currentVersion = 91E1A7C02A44F7980005D669 /* CoreDataProject.xcdatamodel */;
			path = CoreDataProject.xcdatamodeld;
			sourceTree = "<group>";
			versionGroupType = wrapper.xcdatamodel;
		};
/* End XCVersionGroup section */
	};
	rootObject = 91E1A7A62A44F70C0005D669 /* Project object */;
}
